
Microsoft Visual Studio Solution File, Format Version 12.00
# Visual Studio Version 16
VisualStudioVersion = 16.0.32106.194
MinimumVisualStudioVersion = 10.0.40219.1
Project("{FAE04EC0-301F-11D3-BF4B-00C04F79EFBC}") = "Notes", "Notes.csproj", "{41B6751E-821A-4496-9257-81CB95E7D401}"
EndProject
Global
	GlobalSection(SolutionConfigurationPlatforms) = preSolution
		Debug|Any CPU = Debug|Any CPU
		Release|Any CPU = Release|Any CPU
	EndGlobalSection
	GlobalSection(ProjectConfigurationPlatforms) = postSolution
		{41B6751E-821A-4496-9257-81CB95E7D401}.Debug|Any CPU.ActiveCfg = Debug|Any CPU
		{41B6751E-821A-4496-9257-81CB95E7D401}.Debug|Any CPU.Build.0 = Debug|Any CPU
		{41B6751E-821A-4496-9257-81CB95E7D401}.Release|Any CPU.ActiveCfg = Release|Any CPU
		{41B6751E-821A-4496-9257-81CB95E7D401}.Release|Any CPU.Build.0 = Release|Any CPU
	EndGlobalSection
	GlobalSection(SolutionProperties) = preSolution
		HideSolutionNode = FALSE
	EndGlobalSection
	GlobalSection(ExtensibilityGlobals) = postSolution
		SolutionGuid = {F466E04D-ECF2-4E50-BA99-3788EE8CCD9B}
	EndGlobalSection
EndGlobal
